
Microsoft Visual Studio Solution File, Format Version 11.00
# Visual Studio 2010
Project("{FAE04EC0-301F-11D3-BF4B-00C04F79EFBC}") = "Assembly-CSharp", "Assembly-CSharp.csproj", "{033766AB-87A5-C7F3-377A-675780660AD5}"
EndProject
Project("{FAE04EC0-301F-11D3-BF4B-00C04F79EFBC}") = "Assembly-CSharp-Editor", "Assembly-CSharp-Editor.csproj", "{96132FB6-784A-6B4D-F94E-9E1CEC4B8A89}"
EndProject
Global
	GlobalSection(SolutionConfigurationPlatforms) = preSolution
		Debug|Any CPU = Debug|Any CPU
		Release|Any CPU = Release|Any CPU
	EndGlobalSection
	GlobalSection(ProjectConfigurationPlatforms) = postSolution
		{033766AB-87A5-C7F3-377A-675780660AD5}.Debug|Any CPU.ActiveCfg = Debug|Any CPU
		{033766AB-87A5-C7F3-377A-675780660AD5}.Debug|Any CPU.Build.0 = Debug|Any CPU
		{033766AB-87A5-C7F3-377A-675780660AD5}.Release|Any CPU.ActiveCfg = Release|Any CPU
		{033766AB-87A5-C7F3-377A-675780660AD5}.Release|Any CPU.Build.0 = Release|Any CPU
		{96132FB6-784A-6B4D-F94E-9E1CEC4B8A89}.Debug|Any CPU.ActiveCfg = Debug|Any CPU
		{96132FB6-784A-6B4D-F94E-9E1CEC4B8A89}.Debug|Any CPU.Build.0 = Debug|Any CPU
		{96132FB6-784A-6B4D-F94E-9E1CEC4B8A89}.Release|Any CPU.ActiveCfg = Release|Any CPU
		{96132FB6-784A-6B4D-F94E-9E1CEC4B8A89}.Release|Any CPU.Build.0 = Release|Any CPU
	EndGlobalSection
	GlobalSection(SolutionProperties) = preSolution
		HideSolutionNode = FALSE
	EndGlobalSection
EndGlobal
